
Microsoft Visual Studio Solution File, Format Version 12.00
# Visual Studio Version 17
VisualStudioVersion = 17.7.34031.279
MinimumVisualStudioVersion = 10.0.40219.1
Project("{FAE04EC0-301F-11D3-BF4B-00C04F79EFBC}") = "filegen", "filegen\filegen.csproj", "{C32CE31B-3522-4C89-A0D1-E64A44AC4EEF}"
EndProject
Global
	GlobalSection(SolutionConfigurationPlatforms) = preSolution
		Debug|Any CPU = Debug|Any CPU
		Release|Any CPU = Release|Any CPU
	EndGlobalSection
	GlobalSection(ProjectConfigurationPlatforms) = postSolution
		{C32CE31B-3522-4C89-A0D1-E64A44AC4EEF}.Debug|Any CPU.ActiveCfg = Debug|Any CPU
		{C32CE31B-3522-4C89-A0D1-E64A44AC4EEF}.Debug|Any CPU.Build.0 = Debug|Any CPU
		{C32CE31B-3522-4C89-A0D1-E64A44AC4EEF}.Release|Any CPU.ActiveCfg = Release|Any CPU
		{C32CE31B-3522-4C89-A0D1-E64A44AC4EEF}.Release|Any CPU.Build.0 = Release|Any CPU
	EndGlobalSection
	GlobalSection(SolutionProperties) = preSolution
		HideSolutionNode = FALSE
	EndGlobalSection
	GlobalSection(ExtensibilityGlobals) = postSolution
		SolutionGuid = {AA7DEFFE-4F33-4ED0-A164-EAD74BAD7E76}
	EndGlobalSection
EndGlobal
